// !$*UTF8*$!
{
	archiveVersion = 1;
	classes = {
	};
	objectVersion = 46;
	objects = {

/* Begin PBXBuildFile section */
		6A3802851CB217FF004C2AD6 /* LellowDataModel.swift in Sources */ = {isa = PBXBuildFile; fileRef = 6A3802821CB217FE004C2AD6 /* LellowDataModel.swift */; };
		6A3802861CB217FF004C2AD6 /* SortViewController.swift in Sources */ = {isa = PBXBuildFile; fileRef = 6A3802831CB217FF004C2AD6 /* SortViewController.swift */; };
		6A3802871CB217FF004C2AD6 /* SortViewController.xib in Resources */ = {isa = PBXBuildFile; fileRef = 6A3802841CB217FF004C2AD6 /* SortViewController.xib */; };
		6AD0F0C61CB3055800F3C727 /* ArlingtonHeights.gpx in Resources */ = {isa = PBXBuildFile; fileRef = 6AD0F0C51CB3055800F3C727 /* ArlingtonHeights.gpx */; };
		6AD0F0C81CB3056D00F3C727 /* ChicagoRiverNorth.gpx in Resources */ = {isa = PBXBuildFile; fileRef = 6AD0F0C71CB3056D00F3C727 /* ChicagoRiverNorth.gpx */; };
		6AD0F0CC1CB30E8900F3C727 /* circle.png in Resources */ = {isa = PBXBuildFile; fileRef = 6AD0F0CA1CB30E8900F3C727 /* circle.png */; };
		6AD0F0CD1CB30E8900F3C727 /* yellow-banner-hi.png in Resources */ = {isa = PBXBuildFile; fileRef = 6AD0F0CB1CB30E8900F3C727 /* yellow-banner-hi.png */; };
		6AE6AC811CB0507200B87656 /* AppDelegate.swift in Sources */ = {isa = PBXBuildFile; fileRef = 6AE6AC801CB0507200B87656 /* AppDelegate.swift */; };
		6AE6AC831CB0507200B87656 /* MasterViewController.swift in Sources */ = {isa = PBXBuildFile; fileRef = 6AE6AC821CB0507200B87656 /* MasterViewController.swift */; };
		6AE6AC851CB0507200B87656 /* DetailViewController.swift in Sources */ = {isa = PBXBuildFile; fileRef = 6AE6AC841CB0507200B87656 /* DetailViewController.swift */; };
		6AE6AC881CB0507200B87656 /* Main.storyboard in Resources */ = {isa = PBXBuildFile; fileRef = 6AE6AC861CB0507200B87656 /* Main.storyboard */; };
		6AE6AC8A1CB0507200B87656 /* Assets.xcassets in Resources */ = {isa = PBXBuildFile; fileRef = 6AE6AC891CB0507200B87656 /* Assets.xcassets */; };
		6AE6AC8D1CB0507200B87656 /* LaunchScreen.storyboard in Resources */ = {isa = PBXBuildFile; fileRef = 6AE6AC8B1CB0507200B87656 /* LaunchScreen.storyboard */; };
		6AE6AC981CB0507200B87656 /* lellowTests.swift in Sources */ = {isa = PBXBuildFile; fileRef = 6AE6AC971CB0507200B87656 /* lellowTests.swift */; };
		6AE6ACA31CB0507200B87656 /* lellowUITests.swift in Sources */ = {isa = PBXBuildFile; fileRef = 6AE6ACA21CB0507200B87656 /* lellowUITests.swift */; };
/* End PBXBuildFile section */

/* Begin PBXContainerItemProxy section */
		6AE6AC941CB0507200B87656 /* PBXContainerItemProxy */ = {
			isa = PBXContainerItemProxy;
			containerPortal = 6AE6AC751CB0507200B87656 /* Project object */;
			proxyType = 1;
			remoteGlobalIDString = 6AE6AC7C1CB0507200B87656;
			remoteInfo = lellow;
		};
		6AE6AC9F1CB0507200B87656 /* PBXContainerItemProxy */ = {
			isa = PBXContainerItemProxy;
			containerPortal = 6AE6AC751CB0507200B87656 /* Project object */;
			proxyType = 1;
			remoteGlobalIDString = 6AE6AC7C1CB0507200B87656;
			remoteInfo = lellow;
		};
/* End PBXContainerItemProxy section */

/* Begin PBXFileReference section */
		6A3802821CB217FE004C2AD6 /* LellowDataModel.swift */ = {isa = PBXFileReference; fileEncoding = 4; lastKnownFileType = sourcecode.swift; path = LellowDataModel.swift; sourceTree = "<group>"; };
		6A3802831CB217FF004C2AD6 /* SortViewController.swift */ = {isa = PBXFileReference; fileEncoding = 4; lastKnownFileType = sourcecode.swift; path = SortViewController.swift; sourceTree = "<group>"; };
		6A3802841CB217FF004C2AD6 /* SortViewController.xib */ = {isa = PBXFileReference; fileEncoding = 4; lastKnownFileType = file.xib; path = SortViewController.xib; sourceTree = "<group>"; };
		6AD0F0C51CB3055800F3C727 /* ArlingtonHeights.gpx */ = {isa = PBXFileReference; fileEncoding = 4; lastKnownFileType = text.xml; name = ArlingtonHeights.gpx; path = gpx/ArlingtonHeights.gpx; sourceTree = "<group>"; };
		6AD0F0C71CB3056D00F3C727 /* ChicagoRiverNorth.gpx */ = {isa = PBXFileReference; fileEncoding = 4; lastKnownFileType = text.xml; name = ChicagoRiverNorth.gpx; path = gpx/ChicagoRiverNorth.gpx; sourceTree = "<group>"; };
		6AD0F0CA1CB30E8900F3C727 /* circle.png */ = {isa = PBXFileReference; lastKnownFileType = image.png; name = circle.png; path = images/circle.png; sourceTree = "<group>"; };
		6AD0F0CB1CB30E8900F3C727 /* yellow-banner-hi.png */ = {isa = PBXFileReference; lastKnownFileType = image.png; name = "yellow-banner-hi.png"; path = "images/yellow-banner-hi.png"; sourceTree = "<group>"; };
		6AE6AC7D1CB0507200B87656 /* lellow.app */ = {isa = PBXFileReference; explicitFileType = wrapper.application; includeInIndex = 0; path = lellow.app; sourceTree = BUILT_PRODUCTS_DIR; };
		6AE6AC801CB0507200B87656 /* AppDelegate.swift */ = {isa = PBXFileReference; lastKnownFileType = sourcecode.swift; path = AppDelegate.swift; sourceTree = "<group>"; };
		6AE6AC821CB0507200B87656 /* MasterViewController.swift */ = {isa = PBXFileReference; lastKnownFileType = sourcecode.swift; path = MasterViewController.swift; sourceTree = "<group>"; };
		6AE6AC841CB0507200B87656 /* DetailViewController.swift */ = {isa = PBXFileReference; lastKnownFileType = sourcecode.swift; path = DetailViewController.swift; sourceTree = "<group>"; };
		6AE6AC871CB0507200B87656 /* Base */ = {isa = PBXFileReference; lastKnownFileType = file.storyboard; name = Base; path = Base.lproj/Main.storyboard; sourceTree = "<group>"; };
		6AE6AC891CB0507200B87656 /* Assets.xcassets */ = {isa = PBXFileReference; lastKnownFileType = folder.assetcatalog; path = Assets.xcassets; sourceTree = "<group>"; };
		6AE6AC8C1CB0507200B87656 /* Base */ = {isa = PBXFileReference; lastKnownFileType = file.storyboard; name = Base; path = Base.lproj/LaunchScreen.storyboard; sourceTree = "<group>"; };
		6AE6AC8E1CB0507200B87656 /* Info.plist */ = {isa = PBXFileReference; lastKnownFileType = text.plist.xml; path = Info.plist; sourceTree = "<group>"; };
		6AE6AC931CB0507200B87656 /* lellowTests.xctest */ = {isa = PBXFileReference; explicitFileType = wrapper.cfbundle; includeInIndex = 0; path = lellowTests.xctest; sourceTree = BUILT_PRODUCTS_DIR; };
		6AE6AC971CB0507200B87656 /* lellowTests.swift */ = {isa = PBXFileReference; lastKnownFileType = sourcecode.swift; path = lellowTests.swift; sourceTree = "<group>"; };
		6AE6AC991CB0507200B87656 /* Info.plist */ = {isa = PBXFileReference; lastKnownFileType = text.plist.xml; path = Info.plist; sourceTree = "<group>"; };
		6AE6AC9E1CB0507200B87656 /* lellowUITests.xctest */ = {isa = PBXFileReference; explicitFileType = wrapper.cfbundle; includeInIndex = 0; path = lellowUITests.xctest; sourceTree = BUILT_PRODUCTS_DIR; };
		6AE6ACA21CB0507200B87656 /* lellowUITests.swift */ = {isa = PBXFileReference; lastKnownFileType = sourcecode.swift; path = lellowUITests.swift; sourceTree = "<group>"; };
		6AE6ACA41CB0507200B87656 /* Info.plist */ = {isa = PBXFileReference; lastKnownFileType = text.plist.xml; path = Info.plist; sourceTree = "<group>"; };
/* End PBXFileReference section */

/* Begin PBXFrameworksBuildPhase section */
		6AE6AC7A1CB0507200B87656 /* Frameworks */ = {
			isa = PBXFrameworksBuildPhase;
			buildActionMask = 2147483647;
			files = (
			);
			runOnlyForDeploymentPostprocessing = 0;
		};
		6AE6AC901CB0507200B87656 /* Frameworks */ = {
			isa = PBXFrameworksBuildPhase;
			buildActionMask = 2147483647;
			files = (
			);
			runOnlyForDeploymentPostprocessing = 0;
		};
		6AE6AC9B1CB0507200B87656 /* Frameworks */ = {
			isa = PBXFrameworksBuildPhase;
			buildActionMask = 2147483647;
			files = (
			);
			runOnlyForDeploymentPostprocessing = 0;
		};
/* End PBXFrameworksBuildPhase section */

/* Begin PBXGroup section */
		6AD0F0C41CB3051800F3C727 /* GPX */ = {
			isa = PBXGroup;
			children = (
				6AD0F0C71CB3056D00F3C727 /* ChicagoRiverNorth.gpx */,
				6AD0F0C51CB3055800F3C727 /* ArlingtonHeights.gpx */,
			);
			name = GPX;
			sourceTree = "<group>";
		};
		6AD0F0C91CB30E6F00F3C727 /* images */ = {
			isa = PBXGroup;
			children = (
				6AD0F0CA1CB30E8900F3C727 /* circle.png */,
				6AD0F0CB1CB30E8900F3C727 /* yellow-banner-hi.png */,
			);
			name = images;
			sourceTree = "<group>";
		};
		6AE6AC741CB0507200B87656 = {
			isa = PBXGroup;
			children = (
				6AE6AC7F1CB0507200B87656 /* lellow */,
				6AD0F0C91CB30E6F00F3C727 /* images */,
				6AD0F0C41CB3051800F3C727 /* GPX */,
				6AE6AC961CB0507200B87656 /* lellowTests */,
				6AE6ACA11CB0507200B87656 /* lellowUITests */,
				6AE6AC7E1CB0507200B87656 /* Products */,
			);
			sourceTree = "<group>";
		};
		6AE6AC7E1CB0507200B87656 /* Products */ = {
			isa = PBXGroup;
			children = (
				6AE6AC7D1CB0507200B87656 /* lellow.app */,
				6AE6AC931CB0507200B87656 /* lellowTests.xctest */,
				6AE6AC9E1CB0507200B87656 /* lellowUITests.xctest */,
			);
			name = Products;
			sourceTree = "<group>";
		};
		6AE6AC7F1CB0507200B87656 /* lellow */ = {
			isa = PBXGroup;
			children = (
				6A3802821CB217FE004C2AD6 /* LellowDataModel.swift */,
				6A3802831CB217FF004C2AD6 /* SortViewController.swift */,
				6A3802841CB217FF004C2AD6 /* SortViewController.xib */,
				6AE6AC801CB0507200B87656 /* AppDelegate.swift */,
				6AE6AC821CB0507200B87656 /* MasterViewController.swift */,
				6AE6AC841CB0507200B87656 /* DetailViewController.swift */,
				6AE6AC861CB0507200B87656 /* Main.storyboard */,
				6AE6AC891CB0507200B87656 /* Assets.xcassets */,
				6AE6AC8B1CB0507200B87656 /* LaunchScreen.storyboard */,
				6AE6AC8E1CB0507200B87656 /* Info.plist */,
			);
			path = lellow;
			sourceTree = "<group>";
		};
		6AE6AC961CB0507200B87656 /* lellowTests */ = {
			isa = PBXGroup;
			children = (
				6AE6AC971CB0507200B87656 /* lellowTests.swift */,
				6AE6AC991CB0507200B87656 /* Info.plist */,
			);
			path = lellowTests;
			sourceTree = "<group>";
		};
		6AE6ACA11CB0507200B87656 /* lellowUITests */ = {
			isa = PBXGroup;
			children = (
				6AE6ACA21CB0507200B87656 /* lellowUITests.swift */,
				6AE6ACA41CB0507200B87656 /* Info.plist */,
			);
			path = lellowUITests;
			sourceTree = "<group>";
		};
/* End PBXGroup section */

/* Begin PBXNativeTarget section */
		6AE6AC7C1CB0507200B87656 /* lellow */ = {
			isa = PBXNativeTarget;
			buildConfigurationList = 6AE6ACA71CB0507200B87656 /* Build configuration list for PBXNativeTarget "lellow" */;
			buildPhases = (
				6AE6AC791CB0507200B87656 /* Sources */,
				6AE6AC7A1CB0507200B87656 /* Frameworks */,
				6AE6AC7B1CB0507200B87656 /* Resources */,
			);
			buildRules = (
			);
			dependencies = (
			);
			name = lellow;
			productName = lellow;
			productReference = 6AE6AC7D1CB0507200B87656 /* lellow.app */;
			productType = "com.apple.product-type.application";
		};
		6AE6AC921CB0507200B87656 /* lellowTests */ = {
			isa = PBXNativeTarget;
			buildConfigurationList = 6AE6ACAA1CB0507200B87656 /* Build configuration list for PBXNativeTarget "lellowTests" */;
			buildPhases = (
				6AE6AC8F1CB0507200B87656 /* Sources */,
				6AE6AC901CB0507200B87656 /* Frameworks */,
				6AE6AC911CB0507200B87656 /* Resources */,
			);
			buildRules = (
			);
			dependencies = (
				6AE6AC951CB0507200B87656 /* PBXTargetDependency */,
			);
			name = lellowTests;
			productName = lellowTests;
			productReference = 6AE6AC931CB0507200B87656 /* lellowTests.xctest */;
			productType = "com.apple.product-type.bundle.unit-test";
		};
		6AE6AC9D1CB0507200B87656 /* lellowUITests */ = {
			isa = PBXNativeTarget;
			buildConfigurationList = 6AE6ACAD1CB0507200B87656 /* Build configuration list for PBXNativeTarget "lellowUITests" */;
			buildPhases = (
				6AE6AC9A1CB0507200B87656 /* Sources */,
				6AE6AC9B1CB0507200B87656 /* Frameworks */,
				6AE6AC9C1CB0507200B87656 /* Resources */,
			);
			buildRules = (
			);
			dependencies = (
				6AE6ACA01CB0507200B87656 /* PBXTargetDependency */,
			);
			name = lellowUITests;
			productName = lellowUITests;
			productReference = 6AE6AC9E1CB0507200B87656 /* lellowUITests.xctest */;
			productType = "com.apple.product-type.bundle.ui-testing";
		};
/* End PBXNativeTarget section */

/* Begin PBXProject section */
		6AE6AC751CB0507200B87656 /* Project object */ = {
			isa = PBXProject;
			attributes = {
				LastSwiftUpdateCheck = 0720;
				LastUpgradeCheck = 0720;
				ORGANIZATIONNAME = "Richard Svienty";
				TargetAttributes = {
					6AE6AC7C1CB0507200B87656 = {
						CreatedOnToolsVersion = 7.2.1;
						DevelopmentTeam = UCW856D4QT;
					};
					6AE6AC921CB0507200B87656 = {
						CreatedOnToolsVersion = 7.2.1;
						DevelopmentTeam = UCW856D4QT;
						TestTargetID = 6AE6AC7C1CB0507200B87656;
					};
					6AE6AC9D1CB0507200B87656 = {
						CreatedOnToolsVersion = 7.2.1;
						DevelopmentTeam = UCW856D4QT;
						TestTargetID = 6AE6AC7C1CB0507200B87656;
					};
				};
			};
			buildConfigurationList = 6AE6AC781CB0507200B87656 /* Build configuration list for PBXProject "lellow" */;
			compatibilityVersion = "Xcode 3.2";
			developmentRegion = English;
			hasScannedForEncodings = 0;
			knownRegions = (
				en,
				Base,
			);
			mainGroup = 6AE6AC741CB0507200B87656;
			productRefGroup = 6AE6AC7E1CB0507200B87656 /* Products */;
			projectDirPath = "";
			projectRoot = "";
			targets = (
				6AE6AC7C1CB0507200B87656 /* lellow */,
				6AE6AC921CB0507200B87656 /* lellowTests */,
				6AE6AC9D1CB0507200B87656 /* lellowUITests */,
			);
		};
/* End PBXProject section */

/* Begin PBXResourcesBuildPhase section */
		6AE6AC7B1CB0507200B87656 /* Resources */ = {
			isa = PBXResourcesBuildPhase;
			buildActionMask = 2147483647;
			files = (
				6AE6AC8D1CB0507200B87656 /* LaunchScreen.storyboard in Resources */,
				6AD0F0C81CB3056D00F3C727 /* ChicagoRiverNorth.gpx in Resources */,
				6AE6AC8A1CB0507200B87656 /* Assets.xcassets in Resources */,
				6A3802871CB217FF004C2AD6 /* SortViewController.xib in Resources */,
				6AD0F0CD1CB30E8900F3C727 /* yellow-banner-hi.png in Resources */,
				6AD0F0CC1CB30E8900F3C727 /* circle.png in Resources */,
				6AD0F0C61CB3055800F3C727 /* ArlingtonHeights.gpx in Resources */,
				6AE6AC881CB0507200B87656 /* Main.storyboard in Resources */,
			);
			runOnlyForDeploymentPostprocessing = 0;
		};
		6AE6AC911CB0507200B87656 /* Resources */ = {
			isa = PBXResourcesBuildPhase;
			buildActionMask = 2147483647;
			files = (
			);
			runOnlyForDeploymentPostprocessing = 0;
		};
		6AE6AC9C1CB0507200B87656 /* Resources */ = {
			isa = PBXResourcesBuildPhase;
			buildActionMask = 2147483647;
			files = (
			);
			runOnlyForDeploymentPostprocessing = 0;
		};
/* End PBXResourcesBuildPhase section */

/* Begin PBXSourcesBuildPhase section */
		6AE6AC791CB0507200B87656 /* Sources */ = {
			isa = PBXSourcesBuildPhase;
			buildActionMask = 2147483647;
			files = (
				6A3802861CB217FF004C2AD6 /* SortViewController.swift in Sources */,
				6AE6AC851CB0507200B87656 /* DetailViewController.swift in Sources */,
				6AE6AC831CB0507200B87656 /* MasterViewController.swift in Sources */,
				6A3802851CB217FF004C2AD6 /* LellowDataModel.swift in Sources */,
				6AE6AC811CB0507200B87656 /* AppDelegate.swift in Sources */,
			);
			runOnlyForDeploymentPostprocessing = 0;
		};
		6AE6AC8F1CB0507200B87656 /* Sources */ = {
			isa = PBXSourcesBuildPhase;
			buildActionMask = 2147483647;
			files = (
				6AE6AC981CB0507200B87656 /* lellowTests.swift in Sources */,
			);
			runOnlyForDeploymentPostprocessing = 0;
		};
		6AE6AC9A1CB0507200B87656 /* Sources */ = {
			isa = PBXSourcesBuildPhase;
			buildActionMask = 2147483647;
			files = (
				6AE6ACA31CB0507200B87656 /* lellowUITests.swift in Sources */,
			);
			runOnlyForDeploymentPostprocessing = 0;
		};
/* End PBXSourcesBuildPhase section */

/* Begin PBXTargetDependency section */
		6AE6AC951CB0507200B87656 /* PBXTargetDependency */ = {
			isa = PBXTargetDependency;
			target = 6AE6AC7C1CB0507200B87656 /* lellow */;
			targetProxy = 6AE6AC941CB0507200B87656 /* PBXContainerItemProxy */;
		};
		6AE6ACA01CB0507200B87656 /* PBXTargetDependency */ = {
			isa = PBXTargetDependency;
			target = 6AE6AC7C1CB0507200B87656 /* lellow */;
			targetProxy = 6AE6AC9F1CB0507200B87656 /* PBXContainerItemProxy */;
		};
/* End PBXTargetDependency section */

/* Begin PBXVariantGroup section */
		6AE6AC861CB0507200B87656 /* Main.storyboard */ = {
			isa = PBXVariantGroup;
			children = (
				6AE6AC871CB0507200B87656 /* Base */,
			);
			name = Main.storyboard;
			sourceTree = "<group>";
		};
		6AE6AC8B1CB0507200B87656 /* LaunchScreen.storyboard */ = {
			isa = PBXVariantGroup;
			children = (
				6AE6AC8C1CB0507200B87656 /* Base */,
			);
			name = LaunchScreen.storyboard;
			sourceTree = "<group>";
		};
/* End PBXVariantGroup section */

/* Begin XCBuildConfiguration section */
		6AE6ACA51CB0507200B87656 /* Debug */ = {
			isa = XCBuildConfiguration;
			buildSettings = {
				ALWAYS_SEARCH_USER_PATHS = NO;
				CLANG_CXX_LANGUAGE_STANDARD = "gnu++0x";
				CLANG_CXX_LIBRARY = "libc++";
				CLANG_ENABLE_MODULES = YES;
				CLANG_ENABLE_OBJC_ARC = YES;
				CLANG_WARN_BOOL_CONVERSION = YES;
				CLANG_WARN_CONSTANT_CONVERSION = YES;
				CLANG_WARN_DIRECT_OBJC_ISA_USAGE = YES_ERROR;
				CLANG_WARN_EMPTY_BODY = YES;
				CLANG_WARN_ENUM_CONVERSION = YES;
				CLANG_WARN_INT_CONVERSION = YES;
				CLANG_WARN_OBJC_ROOT_CLASS = YES_ERROR;
				CLANG_WARN_UNREACHABLE_CODE = YES;
				CLANG_WARN__DUPLICATE_METHOD_MATCH = YES;
				"CODE_SIGN_IDENTITY[sdk=iphoneos*]" = "iPhone Developer";
				COPY_PHASE_STRIP = NO;
				DEBUG_INFORMATION_FORMAT = dwarf;
				ENABLE_STRICT_OBJC_MSGSEND = YES;
				ENABLE_TESTABILITY = YES;
				GCC_C_LANGUAGE_STANDARD = gnu99;
				GCC_DYNAMIC_NO_PIC = NO;
				GCC_NO_COMMON_BLOCKS = YES;
				GCC_OPTIMIZATION_LEVEL = 0;
				GCC_PREPROCESSOR_DEFINITIONS = (
					"DEBUG=1",
					"$(inherited)",
				);
				GCC_WARN_64_TO_32_BIT_CONVERSION = YES;
				GCC_WARN_ABOUT_RETURN_TYPE = YES_ERROR;
				GCC_WARN_UNDECLARED_SELECTOR = YES;
				GCC_WARN_UNINITIALIZED_AUTOS = YES_AGGRESSIVE;
				GCC_WARN_UNUSED_FUNCTION = YES;
				GCC_WARN_UNUSED_VARIABLE = YES;
				IPHONEOS_DEPLOYMENT_TARGET = 9.2;
				MTL_ENABLE_DEBUG_INFO = YES;
				ONLY_ACTIVE_ARCH = YES;
				SDKROOT = iphoneos;
				SWIFT_OPTIMIZATION_LEVEL = "-Onone";
			};
			name = Debug;
		};
		6AE6ACA61CB0507200B87656 /* Release */ = {
			isa = XCBuildConfiguration;
			buildSettings = {
				ALWAYS_SEARCH_USER_PATHS = NO;
				CLANG_CXX_LANGUAGE_STANDARD = "gnu++0x";
				CLANG_CXX_LIBRARY = "libc++";
				CLANG_ENABLE_MODULES = YES;
				CLANG_ENABLE_OBJC_ARC = YES;
				CLANG_WARN_BOOL_CONVERSION = YES;
				CLANG_WARN_CONSTANT_CONVERSION = YES;
				CLANG_WARN_DIRECT_OBJC_ISA_USAGE = YES_ERROR;
				CLANG_WARN_EMPTY_BODY = YES;
				CLANG_WARN_ENUM_CONVERSION = YES;
				CLANG_WARN_INT_CONVERSION = YES;
				CLANG_WARN_OBJC_ROOT_CLASS = YES_ERROR;
				CLANG_WARN_UNREACHABLE_CODE = YES;
				CLANG_WARN__DUPLICATE_METHOD_MATCH = YES;
				"CODE_SIGN_IDENTITY[sdk=iphoneos*]" = "iPhone Developer";
				COPY_PHASE_STRIP = NO;
				DEBUG_INFORMATION_FORMAT = "dwarf-with-dsym";
				ENABLE_NS_ASSERTIONS = NO;
				ENABLE_STRICT_OBJC_MSGSEND = YES;
				GCC_C_LANGUAGE_STANDARD = gnu99;
				GCC_NO_COMMON_BLOCKS = YES;
				GCC_WARN_64_TO_32_BIT_CONVERSION = YES;
				GCC_WARN_ABOUT_RETURN_TYPE = YES_ERROR;
				GCC_WARN_UNDECLARED_SELECTOR = YES;
				GCC_WARN_UNINITIALIZED_AUTOS = YES_AGGRESSIVE;
				GCC_WARN_UNUSED_FUNCTION = YES;
				GCC_WARN_UNUSED_VARIABLE = YES;
				IPHONEOS_DEPLOYMENT_TARGET = 9.2;
				MTL_ENABLE_DEBUG_INFO = NO;
				SDKROOT = iphoneos;
				VALIDATE_PRODUCT = YES;
			};
			name = Release;
		};
		6AE6ACA81CB0507200B87656 /* Debug */ = {
			isa = XCBuildConfiguration;
			buildSettings = {
				ASSETCATALOG_COMPILER_APPICON_NAME = AppIcon;
				INFOPLIST_FILE = lellow/Info.plist;
				LD_RUNPATH_SEARCH_PATHS = "$(inherited) @executable_path/Frameworks";
				PRODUCT_BUNDLE_IDENTIFIER = com.svienty.lellow;
				PRODUCT_NAME = "$(TARGET_NAME)";
			};
			name = Debug;
		};
		6AE6ACA91CB0507200B87656 /* Release */ = {
			isa = XCBuildConfiguration;
			buildSettings = {
				ASSETCATALOG_COMPILER_APPICON_NAME = AppIcon;
				INFOPLIST_FILE = lellow/Info.plist;
				LD_RUNPATH_SEARCH_PATHS = "$(inherited) @executable_path/Frameworks";
				PRODUCT_BUNDLE_IDENTIFIER = com.svienty.lellow;
				PRODUCT_NAME = "$(TARGET_NAME)";
			};
			name = Release;
		};
		6AE6ACAB1CB0507200B87656 /* Debug */ = {
			isa = XCBuildConfiguration;
			buildSettings = {
				BUNDLE_LOADER = "$(TEST_HOST)";
				INFOPLIST_FILE = lellowTests/Info.plist;
				LD_RUNPATH_SEARCH_PATHS = "$(inherited) @executable_path/Frameworks @loader_path/Frameworks";
				PRODUCT_BUNDLE_IDENTIFIER = com.svienty.lellowTests;
				PRODUCT_NAME = "$(TARGET_NAME)";
				TEST_HOST = "$(BUILT_PRODUCTS_DIR)/lellow.app/lellow";
			};
			name = Debug;
		};
		6AE6ACAC1CB0507200B87656 /* Release */ = {
			isa = XCBuildConfiguration;
			buildSettings = {
				BUNDLE_LOADER = "$(TEST_HOST)";
				INFOPLIST_FILE = lellowTests/Info.plist;
				LD_RUNPATH_SEARCH_PATHS = "$(inherited) @executable_path/Frameworks @loader_path/Frameworks";
				PRODUCT_BUNDLE_IDENTIFIER = com.svienty.lellowTests;
				PRODUCT_NAME = "$(TARGET_NAME)";
				TEST_HOST = "$(BUILT_PRODUCTS_DIR)/lellow.app/lellow";
			};
			name = Release;
		};
		6AE6ACAE1CB0507200B87656 /* Debug */ = {
			isa = XCBuildConfiguration;
			buildSettings = {
				INFOPLIST_FILE = lellowUITests/Info.plist;
				LD_RUNPATH_SEARCH_PATHS = "$(inherited) @executable_path/Frameworks @loader_path/Frameworks";
				PRODUCT_BUNDLE_IDENTIFIER = com.svienty.lellowUITests;
				PRODUCT_NAME = "$(TARGET_NAME)";
				TEST_TARGET_NAME = lellow;
				USES_XCTRUNNER = YES;
			};
			name = Debug;
		};
		6AE6ACAF1CB0507200B87656 /* Release */ = {
			isa = XCBuildConfiguration;
			buildSettings = {
				INFOPLIST_FILE = lellowUITests/Info.plist;
				LD_RUNPATH_SEARCH_PATHS = "$(inherited) @executable_path/Frameworks @loader_path/Frameworks";
				PRODUCT_BUNDLE_IDENTIFIER = com.svienty.lellowUITests;
				PRODUCT_NAME = "$(TARGET_NAME)";
				TEST_TARGET_NAME = lellow;
				USES_XCTRUNNER = YES;
			};
			name = Release;
		};
/* End XCBuildConfiguration section */

/* Begin XCConfigurationList section */
		6AE6AC781CB0507200B87656 /* Build configuration list for PBXProject "lellow" */ = {
			isa = XCConfigurationList;
			buildConfigurations = (
				6AE6ACA51CB0507200B87656 /* Debug */,
				6AE6ACA61CB0507200B87656 /* Release */,
			);
			defaultConfigurationIsVisible = 0;
			defaultConfigurationName = Release;
		};
		6AE6ACA71CB0507200B87656 /* Build configuration list for PBXNativeTarget "lellow" */ = {
			isa = XCConfigurationList;
			buildConfigurations = (
				6AE6ACA81CB0507200B87656 /* Debug */,
				6AE6ACA91CB0507200B87656 /* Release */,
			);
			defaultConfigurationIsVisible = 0;
			defaultConfigurationName = Release;
		};
		6AE6ACAA1CB0507200B87656 /* Build configuration list for PBXNativeTarget "lellowTests" */ = {
			isa = XCConfigurationList;
			buildConfigurations = (
				6AE6ACAB1CB0507200B87656 /* Debug */,
				6AE6ACAC1CB0507200B87656 /* Release */,
			);
			defaultConfigurationIsVisible = 0;
			defaultConfigurationName = Release;
		};
		6AE6ACAD1CB0507200B87656 /* Build configuration list for PBXNativeTarget "lellowUITests" */ = {
			isa = XCConfigurationList;
			buildConfigurations = (
				6AE6ACAE1CB0507200B87656 /* Debug */,
				6AE6ACAF1CB0507200B87656 /* Release */,
			);
			defaultConfigurationIsVisible = 0;
			defaultConfigurationName = Release;
		};
/* End XCConfigurationList section */
	};
	rootObject = 6AE6AC751CB0507200B87656 /* Project object */;
}
